
Microsoft Visual Studio Solution File, Format Version 11.00
# Visual Studio 2010
Project("{002A2DE9-8BB6-484D-9802-7E4AD4084715}") = "WhiteGold", "WhiteGold\WhiteGold.visualdproj", "{4BD779C3-C4F3-4764-B7A8-1E4DA088E020}"
EndProject
Global
	GlobalSection(SolutionConfigurationPlatforms) = preSolution
		Debug|Win32 = Debug|Win32
		Release|Win32 = Release|Win32
	EndGlobalSection
	GlobalSection(ProjectConfigurationPlatforms) = postSolution
		{4BD779C3-C4F3-4764-B7A8-1E4DA088E020}.Debug|Win32.ActiveCfg = Debug|Win32
		{4BD779C3-C4F3-4764-B7A8-1E4DA088E020}.Debug|Win32.Build.0 = Debug|Win32
		{4BD779C3-C4F3-4764-B7A8-1E4DA088E020}.Release|Win32.ActiveCfg = Release|Win32
		{4BD779C3-C4F3-4764-B7A8-1E4DA088E020}.Release|Win32.Build.0 = Release|Win32
	EndGlobalSection
	GlobalSection(SolutionProperties) = preSolution
		HideSolutionNode = FALSE
	EndGlobalSection
EndGlobal
